<?xml version="1.0" encoding="utf-8"?>
<Project ToolsVersion="4.0" xmlns="http://schemas.microsoft.com/developer/msbuild/2003">
  <ItemGroup>
    <Filter Include="Application">
      <UniqueIdentifier>{2d81b45d-7461-4e5c-917e-457b41457ae3}</UniqueIdentifier>
    </Filter>
    <Filter Include="Collection">
      <UniqueIdentifier>{6d4e4558-89e9-453d-9a80-83db682ffde9}</UniqueIdentifier>
    </Filter>
    <Filter Include="Window">
      <UniqueIdentifier>{f393692b-7552-4aa0-a1be-49f0c188cf75}</UniqueIdentifier>
    </Filter>
    <Filter Include="Window\Dialogs">
      <UniqueIdentifier>{334be6f9-507f-47fa-bf02-4318336c3e69}</UniqueIdentifier>
    </Filter>
    <Filter Include="Window\Controls">
      <UniqueIdentifier>{7bf1491a-6084-4487-b589-18392facebab}</UniqueIdentifier>
    </Filter>
    <Filter Include="Managers">
      <UniqueIdentifier>{53193409-c8cc-4e84-b279-0e4da7e4fb1d}</UniqueIdentifier>
    </Filter>
    <Filter Include="IO">
      <UniqueIdentifier>{a786ba23-27ba-408c-bd60-f6c4c1fbfb63}</UniqueIdentifier>
    </Filter>
    <Filter Include="Object">
      <UniqueIdentifier>{a0830cb9-81d7-4a38-8f01-d1375e3b5cdc}</UniqueIdentifier>
    </Filter>
    <Filter Include="Resource">
      <UniqueIdentifier>{a58d41c6-b08c-4654-aa9c-35cc256c2953}</UniqueIdentifier>
    </Filter>
    <Filter Include="Resource\Bitmaps">
      <UniqueIdentifier>{ce05fea4-48d6-4cba-93eb-229da45cdf2f}</UniqueIdentifier>
    </Filter>
    <Filter Include="Resource\Icons">
      <UniqueIdentifier>{e29ff767-efb2-4cb9-9638-26cc59d3cd98}</UniqueIdentifier>
    </Filter>
    <Filter Include="Resource\Cursors">
      <UniqueIdentifier>{1ae99660-58e6-4d49-ba00-417410822ab6}</UniqueIdentifier>
    </Filter>
    <Filter Include="Resource\Files">
      <UniqueIdentifier>{fbbef7c2-71e0-48b1-a79c-edc216199440}</UniqueIdentifier>
    </Filter>
    <Filter Include="System">
      <UniqueIdentifier>{c0f2da02-3927-45ca-a0cc-fc55d2b3db98}</UniqueIdentifier>
    </Filter>
    <Filter Include="String">
      <UniqueIdentifier>{302294f8-7408-4eac-ab06-13c71d2d9986}</UniqueIdentifier>
    </Filter>
    <Filter Include="DirectX">
      <UniqueIdentifier>{53575f00-929e-4e7a-b8cf-5ffb07995a07}</UniqueIdentifier>
    </Filter>
  </ItemGroup>
  <ItemGroup>
    <ClCompile Include="..\source\win32\NstApplicationConfiguration.cpp">
      <Filter>Application</Filter>
    </ClCompile>
    <ClCompile Include="..\source\win32\NstApplicationException.cpp">
      <Filter>Application</Filter>
    </ClCompile>
    <ClCompile Include="..\source\win32\NstApplicationInstance.cpp">
      <Filter>Application</Filter>
    </ClCompile>
    <ClCompile Include="..\source\win32\NstApplicationLanguage.cpp">
      <Filter>Application</Filter>
    </ClCompile>
    <ClCompile Include="..\source\win32\NstApplicationMain.cpp">
      <Filter>Application</Filter>
    </ClCompile>
    <ClCompile Include="..\source\win32\NstCollectionVector.cpp">
      <Filter>Collection</Filter>
    </ClCompile>
    <ClCompile Include="..\source\win32\NstWindowCustom.cpp">
      <Filter>Window</Filter>
    </ClCompile>
    <ClCompile Include="..\source\win32\NstWindowDialog.cpp">
      <Filter>Window</Filter>
    </ClCompile>
    <ClCompile Include="..\source\win32\NstWindowDropFiles.cpp">
      <Filter>Window</Filter>
    </ClCompile>
    <ClCompile Include="..\source\win32\NstWindowDynamic.cpp">
      <Filter>Window</Filter>
    </ClCompile>
    <ClCompile Include="..\source\win32\NstWindowGeneric.cpp">
      <Filter>Window</Filter>
    </ClCompile>
    <ClCompile Include="..\source\win32\NstWindowMain.cpp">
      <Filter>Window</Filter>
    </ClCompile>
    <ClCompile Include="..\source\win32\NstWindowMenu.cpp">
      <Filter>Window</Filter>
    </ClCompile>
    <ClCompile Include="..\source\win32\NstWindowParam.cpp">
      <Filter>Window</Filter>
    </ClCompile>
    <ClCompile Include="..\source\win32\NstWindowPoint.cpp">
      <Filter>Window</Filter>
    </ClCompile>
    <ClCompile Include="..\source\win32\NstWindowRect.cpp">
      <Filter>Window</Filter>
    </ClCompile>
    <ClCompile Include="..\source\win32\NstWindowStatusBar.cpp">
      <Filter>Window</Filter>
    </ClCompile>
    <ClCompile Include="..\source\win32\NstWindowUser.cpp">
      <Filter>Window</Filter>
    </ClCompile>
    <ClCompile Include="..\source\win32\NstDialogAbout.cpp">
      <Filter>Window\Dialogs</Filter>
    </ClCompile>
    <ClCompile Include="..\source\win32\NstDialogAutoSaver.cpp">
      <Filter>Window\Dialogs</Filter>
    </ClCompile>
    <ClCompile Include="..\source\win32\NstDialogBarcodeReader.cpp">
      <Filter>Window\Dialogs</Filter>
    </ClCompile>
    <ClCompile Include="..\source\win32\NstDialogBrowse.cpp">
      <Filter>Window\Dialogs</Filter>
    </ClCompile>
    <ClCompile Include="..\source\win32\NstDialogCheats.cpp">
      <Filter>Window\Dialogs</Filter>
    </ClCompile>
    <ClCompile Include="..\source\win32\NstDialogDipSwitches.cpp">
      <Filter>Window\Dialogs</Filter>
    </ClCompile>
    <ClCompile Include="..\source\win32\NstDialogFds.cpp">
      <Filter>Window\Dialogs</Filter>
    </ClCompile>
    <ClCompile Include="..\source\win32\NstDialogFind.cpp">
      <Filter>Window\Dialogs</Filter>
    </ClCompile>
    <ClCompile Include="..\source\win32\NstDialogFrameClock.cpp">
      <Filter>Window\Dialogs</Filter>
    </ClCompile>
    <ClCompile Include="..\source\win32\NstDialogImageDatabase.cpp">
      <Filter>Window\Dialogs</Filter>
    </ClCompile>
    <ClCompile Include="..\source\win32\NstDialogImageInfo.cpp">
      <Filter>Window\Dialogs</Filter>
    </ClCompile>
    <ClCompile Include="..\source\win32\NstDialogInesHeader.cpp">
      <Filter>Window\Dialogs</Filter>
    </ClCompile>
    <ClCompile Include="..\source\win32\NstDialogInput.cpp">
      <Filter>Window\Dialogs</Filter>
    </ClCompile>
    <ClCompile Include="..\source\win32\NstDialogLanguage.cpp">
      <Filter>Window\Dialogs</Filter>
    </ClCompile>
    <ClCompile Include="..\source\win32\NstDialogLauncher.cpp">
      <Filter>Window\Dialogs</Filter>
    </ClCompile>
    <ClCompile Include="..\source\win32\NstDialogLauncherColors.cpp">
      <Filter>Window\Dialogs</Filter>
    </ClCompile>
    <ClCompile Include="..\source\win32\NstDialogLauncherColumns.cpp">
      <Filter>Window\Dialogs</Filter>
    </ClCompile>
    <ClCompile Include="..\source\win32\NstDialogLauncherFiles.cpp">
      <Filter>Window\Dialogs</Filter>
    </ClCompile>
    <ClCompile Include="..\source\win32\NstDialogLauncherFileTable.cpp">
      <Filter>Window\Dialogs</Filter>
    </ClCompile>
    <ClCompile Include="..\source\win32\NstDialogLauncherList.cpp">
      <Filter>Window\Dialogs</Filter>
    </ClCompile>
    <ClCompile Include="..\source\win32\NstDialogLauncherPaths.cpp">
      <Filter>Window\Dialogs</Filter>
    </ClCompile>
    <ClCompile Include="..\source\win32\NstDialogLauncherTree.cpp">
      <Filter>Window\Dialogs</Filter>
    </ClCompile>
    <ClCompile Include="..\source\win32\NstDialogLicense.cpp">
      <Filter>Window\Dialogs</Filter>
    </ClCompile>
    <ClCompile Include="..\source\win32\NstDialogLogfile.cpp">
      <Filter>Window\Dialogs</Filter>
    </ClCompile>
    <ClCompile Include="..\source\win32\NstDialogMovie.cpp">
      <Filter>Window\Dialogs</Filter>
    </ClCompile>
    <ClCompile Include="..\source\win32\NstDialogNetPlay.cpp">
      <Filter>Window\Dialogs</Filter>
    </ClCompile>
    <ClCompile Include="..\source\win32\NstDialogNetplayChat.cpp">
      <Filter>Window\Dialogs</Filter>
    </ClCompile>
    <ClCompile Include="..\source\win32\NstDialogPaletteEditor.cpp">
      <Filter>Window\Dialogs</Filter>
    </ClCompile>
    <ClCompile Include="..\source\win32\NstDialogPaths.cpp">
      <Filter>Window\Dialogs</Filter>
    </ClCompile>
    <ClCompile Include="..\source\win32\NstDialogPreferences.cpp">
      <Filter>Window\Dialogs</Filter>
    </ClCompile>
    <ClCompile Include="..\source\win32\NstDialogSound.cpp">
      <Filter>Window\Dialogs</Filter>
    </ClCompile>
    <ClCompile Include="..\source\win32\NstDialogTapeRecorder.cpp">
      <Filter>Window\Dialogs</Filter>
    </ClCompile>
    <ClCompile Include="..\source\win32\NstDialogVideo.cpp">
      <Filter>Window\Dialogs</Filter>
    </ClCompile>
    <ClCompile Include="..\source\win32\NstDialogVideoDecoder.cpp">
      <Filter>Window\Dialogs</Filter>
    </ClCompile>
    <ClCompile Include="..\source\win32\NstDialogVideoFilters.cpp">
      <Filter>Window\Dialogs</Filter>
    </ClCompile>
    <ClCompile Include="..\source\win32\NstCtrlCheckBox.cpp">
      <Filter>Window\Controls</Filter>
    </ClCompile>
    <ClCompile Include="..\source\win32\NstCtrlComboBox.cpp">
      <Filter>Window\Controls</Filter>
    </ClCompile>
    <ClCompile Include="..\source\win32\NstCtrlEdit.cpp">
      <Filter>Window\Controls</Filter>
    </ClCompile>
    <ClCompile Include="..\source\win32\NstCtrlListBox.cpp">
      <Filter>Window\Controls</Filter>
    </ClCompile>
    <ClCompile Include="..\source\win32\NstCtrlListView.cpp">
      <Filter>Window\Controls</Filter>
    </ClCompile>
    <ClCompile Include="..\source\win32\NstCtrlSlider.cpp">
      <Filter>Window\Controls</Filter>
    </ClCompile>
    <ClCompile Include="..\source\win32\NstCtrlStandard.cpp">
      <Filter>Window\Controls</Filter>
    </ClCompile>
    <ClCompile Include="..\source\win32\NstCtrlTreeView.cpp">
      <Filter>Window\Controls</Filter>
    </ClCompile>
    <ClCompile Include="..\source\win32\NstManager.cpp">
      <Filter>Managers</Filter>
    </ClCompile>
    <ClCompile Include="..\source\win32\NstManagerAviConverter.cpp">
      <Filter>Managers</Filter>
    </ClCompile>
    <ClCompile Include="..\source\win32\NstManagerBarcodeReader.cpp">
      <Filter>Managers</Filter>
    </ClCompile>
    <ClCompile Include="..\source\win32\NstManagerCheats.cpp">
      <Filter>Managers</Filter>
    </ClCompile>
    <ClCompile Include="..\source\win32\NstManagerDipSwitches.cpp">
      <Filter>Managers</Filter>
    </ClCompile>
    <ClCompile Include="..\source\win32\NstManagerEmulator.cpp">
      <Filter>Managers</Filter>
    </ClCompile>
    <ClCompile Include="..\source\win32\NstManagerFds.cpp">
      <Filter>Managers</Filter>
    </ClCompile>
    <ClCompile Include="..\source\win32\NstManagerFiles.cpp">
      <Filter>Managers</Filter>
    </ClCompile>
    <ClCompile Include="..\source\win32\NstManagerFrameClock.cpp">
      <Filter>Managers</Filter>
    </ClCompile>
    <ClCompile Include="..\source\win32\NstManagerHelp.cpp">
      <Filter>Managers</Filter>
    </ClCompile>
    <ClCompile Include="..\source\win32\NstManagerImageDatabase.cpp">
      <Filter>Managers</Filter>
    </ClCompile>
    <ClCompile Include="..\source\win32\NstManagerImageInfo.cpp">
      <Filter>Managers</Filter>
    </ClCompile>
    <ClCompile Include="..\source\win32\NstManagerInesHeader.cpp">
      <Filter>Managers</Filter>
    </ClCompile>
    <ClCompile Include="..\source\win32\NstManagerInput.cpp">
      <Filter>Managers</Filter>
    </ClCompile>
    <ClCompile Include="..\source\win32\NstManagerInputClipboard.cpp">
      <Filter>Managers</Filter>
    </ClCompile>
    <ClCompile Include="..\source\win32\NstManagerInputCommands.cpp">
      <Filter>Managers</Filter>
    </ClCompile>
    <ClCompile Include="..\source\win32\NstManagerInputCursor.cpp">
      <Filter>Managers</Filter>
    </ClCompile>
    <ClCompile Include="..\source\win32\NstManagerLanguage.cpp">
      <Filter>Managers</Filter>
    </ClCompile>
    <ClCompile Include="..\source\win32\NstManagerLauncher.cpp">
      <Filter>Managers</Filter>
    </ClCompile>
    <ClCompile Include="..\source\win32\NstManagerLogfile.cpp">
      <Filter>Managers</Filter>
    </ClCompile>
    <ClCompile Include="..\source\win32\NstManagerMachine.cpp">
      <Filter>Managers</Filter>
    </ClCompile>
    <ClCompile Include="..\source\win32\NstManagerMovie.cpp">
      <Filter>Managers</Filter>
    </ClCompile>
    <ClCompile Include="..\source\win32\NstManagerNetplay.cpp">
      <Filter>Managers</Filter>
    </ClCompile>
    <ClCompile Include="..\source\win32\NstManagerNsf.cpp">
      <Filter>Managers</Filter>
    </ClCompile>
    <ClCompile Include="..\source\win32\NstManagerPaths.cpp">
      <Filter>Managers</Filter>
    </ClCompile>
    <ClCompile Include="..\source\win32\NstManagerPathsFilter.cpp">
      <Filter>Managers</Filter>
    </ClCompile>
    <ClCompile Include="..\source\win32\NstManagerPreferences.cpp">
      <Filter>Managers</Filter>
    </ClCompile>
    <ClCompile Include="..\source\win32\NstManagerRecentDirs.cpp">
      <Filter>Managers</Filter>
    </ClCompile>
    <ClCompile Include="..\source\win32\NstManagerRecentFiles.cpp">
      <Filter>Managers</Filter>
    </ClCompile>
    <ClCompile Include="..\source\win32\NstManagerSaveStates.cpp">
      <Filter>Managers</Filter>
    </ClCompile>
    <ClCompile Include="..\source\win32\NstManagerSound.cpp">
      <Filter>Managers</Filter>
    </ClCompile>
    <ClCompile Include="..\source\win32\NstManagerSoundRecorder.cpp">
      <Filter>Managers</Filter>
    </ClCompile>
    <ClCompile Include="..\source\win32\NstManagerTapeRecorder.cpp">
      <Filter>Managers</Filter>
    </ClCompile>
    <ClCompile Include="..\source\win32\NstManagerVideo.cpp">
      <Filter>Managers</Filter>
    </ClCompile>
    <ClCompile Include="..\source\win32\NstIoArchive.cpp">
      <Filter>IO</Filter>
    </ClCompile>
    <ClCompile Include="..\source\win32\NstIoFile.cpp">
      <Filter>IO</Filter>
    </ClCompile>
    <ClCompile Include="..\source\win32\NstIoLog.cpp">
      <Filter>IO</Filter>
    </ClCompile>
    <ClCompile Include="..\source\win32\NstIoScreen.cpp">
      <Filter>IO</Filter>
    </ClCompile>
    <ClCompile Include="..\source\win32\NstIoStream.cpp">
      <Filter>IO</Filter>
    </ClCompile>
    <ClCompile Include="..\source\win32\NstIoWave.cpp">
      <Filter>IO</Filter>
    </ClCompile>
    <ClCompile Include="..\source\win32\NstResourceBitmap.cpp">
      <Filter>Resource</Filter>
    </ClCompile>
    <ClCompile Include="..\source\win32\NstResourceClipboard.cpp">
      <Filter>Resource</Filter>
    </ClCompile>
    <ClCompile Include="..\source\win32\NstResourceCursor.cpp">
      <Filter>Resource</Filter>
    </ClCompile>
    <ClCompile Include="..\source\win32\NstResourceFile.cpp">
      <Filter>Resource</Filter>
    </ClCompile>
    <ClCompile Include="..\source\win32\NstResourceGeneric.cpp">
      <Filter>Resource</Filter>
    </ClCompile>
    <ClCompile Include="..\source\win32\NstResourceIcon.cpp">
      <Filter>Resource</Filter>
    </ClCompile>
    <ClCompile Include="..\source\win32\NstResourceMenu.cpp">
      <Filter>Resource</Filter>
    </ClCompile>
    <ClCompile Include="..\source\win32\NstResourceString.cpp">
      <Filter>Resource</Filter>
    </ClCompile>
    <ClCompile Include="..\source\win32\NstResourceVersion.cpp">
      <Filter>Resource</Filter>
    </ClCompile>
    <ClCompile Include="..\source\win32\NstSystemAccelerator.cpp">
      <Filter>System</Filter>
    </ClCompile>
    <ClCompile Include="..\source\win32\NstSystemDll.cpp">
      <Filter>System</Filter>
    </ClCompile>
    <ClCompile Include="..\source\win32\NstSystemGuid.cpp">
      <Filter>System</Filter>
    </ClCompile>
    <ClCompile Include="..\source\win32\NstSystemInfo.cpp">
      <Filter>System</Filter>
    </ClCompile>
    <ClCompile Include="..\source\win32\NstSystemKeyboard.cpp">
      <Filter>System</Filter>
    </ClCompile>
    <ClCompile Include="..\source\win32\NstSystemRegistry.cpp">
      <Filter>System</Filter>
    </ClCompile>
    <ClCompile Include="..\source\win32\NstSystemThread.cpp">
      <Filter>System</Filter>
    </ClCompile>
    <ClCompile Include="..\source\win32\NstSystemTime.cpp">
      <Filter>System</Filter>
    </ClCompile>
    <ClCompile Include="..\source\win32\NstSystemTimer.cpp">
      <Filter>System</Filter>
    </ClCompile>
    <ClCompile Include="..\source\win32\NstString.cpp">
      <Filter>String</Filter>
    </ClCompile>
    <ClCompile Include="..\source\win32\NstDirect2D.cpp">
      <Filter>DirectX</Filter>
    </ClCompile>
    <ClCompile Include="..\source\win32\NstDirectInput.cpp">
      <Filter>DirectX</Filter>
    </ClCompile>
    <ClCompile Include="..\source\win32\NstDirectSound.cpp">
      <Filter>DirectX</Filter>
    </ClCompile>
    <ClCompile Include="..\source\win32\NstMain.cpp" />
  </ItemGroup>
  <ItemGroup>
    <ClInclude Include="..\source\win32\NstApplicationConfiguration.hpp">
      <Filter>Application</Filter>
    </ClInclude>
    <ClInclude Include="..\source\win32\NstApplicationException.hpp">
      <Filter>Application</Filter>
    </ClInclude>
    <ClInclude Include="..\source\win32\NstApplicationInstance.hpp">
      <Filter>Application</Filter>
    </ClInclude>
    <ClInclude Include="..\source\win32\NstApplicationLanguage.hpp">
      <Filter>Application</Filter>
    </ClInclude>
    <ClInclude Include="..\source\win32\NstApplicationMain.hpp">
      <Filter>Application</Filter>
    </ClInclude>
    <ClInclude Include="..\source\win32\NstCollectionBitSet.hpp">
      <Filter>Collection</Filter>
    </ClInclude>
    <ClInclude Include="..\source\win32\NstCollectionRouter.hpp">
      <Filter>Collection</Filter>
    </ClInclude>
    <ClInclude Include="..\source\win32\NstCollectionVector.hpp">
      <Filter>Collection</Filter>
    </ClInclude>
    <ClInclude Include="..\source\win32\NstWindowCustom.hpp">
      <Filter>Window</Filter>
    </ClInclude>
    <ClInclude Include="..\source\win32\NstWindowDialog.hpp">
      <Filter>Window</Filter>
    </ClInclude>
    <ClInclude Include="..\source\win32\NstWindowDropFiles.hpp">
      <Filter>Window</Filter>
    </ClInclude>
    <ClInclude Include="..\source\win32\NstWindowDynamic.hpp">
      <Filter>Window</Filter>
    </ClInclude>
    <ClInclude Include="..\source\win32\NstWindowGeneric.hpp">
      <Filter>Window</Filter>
    </ClInclude>
    <ClInclude Include="..\source\win32\NstWindowMain.hpp">
      <Filter>Window</Filter>
    </ClInclude>
    <ClInclude Include="..\source\win32\NstWindowMenu.hpp">
      <Filter>Window</Filter>
    </ClInclude>
    <ClInclude Include="..\source\win32\NstWindowParam.hpp">
      <Filter>Window</Filter>
    </ClInclude>
    <ClInclude Include="..\source\win32\NstWindowPoint.hpp">
      <Filter>Window</Filter>
    </ClInclude>
    <ClInclude Include="..\source\win32\NstWindowRect.hpp">
      <Filter>Window</Filter>
    </ClInclude>
    <ClInclude Include="..\source\win32\NstWindowStatusBar.hpp">
      <Filter>Window</Filter>
    </ClInclude>
    <ClInclude Include="..\source\win32\NstWindowUser.hpp">
      <Filter>Window</Filter>
    </ClInclude>
    <ClInclude Include="..\source\win32\NstDialogAbout.hpp">
      <Filter>Window\Dialogs</Filter>
    </ClInclude>
    <ClInclude Include="..\source\win32\NstDialogAutoSaver.hpp">
      <Filter>Window\Dialogs</Filter>
    </ClInclude>
    <ClInclude Include="..\source\win32\NstDialogBarcodeReader.hpp">
      <Filter>Window\Dialogs</Filter>
    </ClInclude>
    <ClInclude Include="..\source\win32\NstDialogBrowse.hpp">
      <Filter>Window\Dialogs</Filter>
    </ClInclude>
    <ClInclude Include="..\source\win32\NstDialogCheats.hpp">
      <Filter>Window\Dialogs</Filter>
    </ClInclude>
    <ClInclude Include="..\source\win32\NstDialogDipSwitches.hpp">
      <Filter>Window\Dialogs</Filter>
    </ClInclude>
    <ClInclude Include="..\source\win32\NstDialogFds.hpp">
      <Filter>Window\Dialogs</Filter>
    </ClInclude>
    <ClInclude Include="..\source\win32\NstDialogFind.hpp">
      <Filter>Window\Dialogs</Filter>
    </ClInclude>
    <ClInclude Include="..\source\win32\NstDialogFrameClock.hpp">
      <Filter>Window\Dialogs</Filter>
    </ClInclude>
    <ClInclude Include="..\source\win32\NstDialogImageDatabase.hpp">
      <Filter>Window\Dialogs</Filter>
    </ClInclude>
    <ClInclude Include="..\source\win32\NstDialogImageInfo.hpp">
      <Filter>Window\Dialogs</Filter>
    </ClInclude>
    <ClInclude Include="..\source\win32\NstDialogInesHeader.hpp">
      <Filter>Window\Dialogs</Filter>
    </ClInclude>
    <ClInclude Include="..\source\win32\NstDialogInput.hpp">
      <Filter>Window\Dialogs</Filter>
    </ClInclude>
    <ClInclude Include="..\source\win32\NstDialogLanguage.hpp">
      <Filter>Window\Dialogs</Filter>
    </ClInclude>
    <ClInclude Include="..\source\win32\NstDialogLauncher.hpp">
      <Filter>Window\Dialogs</Filter>
    </ClInclude>
    <ClInclude Include="..\source\win32\NstDialogLicense.hpp">
      <Filter>Window\Dialogs</Filter>
    </ClInclude>
    <ClInclude Include="..\source\win32\NstDialogLogfile.hpp">
      <Filter>Window\Dialogs</Filter>
    </ClInclude>
    <ClInclude Include="..\source\win32\NstDialogMovie.hpp">
      <Filter>Window\Dialogs</Filter>
    </ClInclude>
    <ClInclude Include="..\source\win32\NstDialogNetplay.hpp">
      <Filter>Window\Dialogs</Filter>
    </ClInclude>
    <ClInclude Include="..\source\win32\NstDialogPaletteEditor.hpp">
      <Filter>Window\Dialogs</Filter>
    </ClInclude>
    <ClInclude Include="..\source\win32\NstDialogPaths.hpp">
      <Filter>Window\Dialogs</Filter>
    </ClInclude>
    <ClInclude Include="..\source\win32\NstDialogPreferences.hpp">
      <Filter>Window\Dialogs</Filter>
    </ClInclude>
    <ClInclude Include="..\source\win32\NstDialogSound.hpp">
      <Filter>Window\Dialogs</Filter>
    </ClInclude>
    <ClInclude Include="..\source\win32\NstDialogTapeRecorder.hpp">
      <Filter>Window\Dialogs</Filter>
    </ClInclude>
    <ClInclude Include="..\source\win32\NstDialogVideo.hpp">
      <Filter>Window\Dialogs</Filter>
    </ClInclude>
    <ClInclude Include="..\source\win32\NstDialogVideoDecoder.hpp">
      <Filter>Window\Dialogs</Filter>
    </ClInclude>
    <ClInclude Include="..\source\win32\NstDialogVideoFilters.hpp">
      <Filter>Window\Dialogs</Filter>
    </ClInclude>
    <ClInclude Include="..\source\win32\NstCtrlCheckBox.hpp">
      <Filter>Window\Controls</Filter>
    </ClInclude>
    <ClInclude Include="..\source\win32\NstCtrlComboBox.hpp">
      <Filter>Window\Controls</Filter>
    </ClInclude>
    <ClInclude Include="..\source\win32\NstCtrlEdit.hpp">
      <Filter>Window\Controls</Filter>
    </ClInclude>
    <ClInclude Include="..\source\win32\NstCtrlListBox.hpp">
      <Filter>Window\Controls</Filter>
    </ClInclude>
    <ClInclude Include="..\source\win32\NstCtrlListView.hpp">
      <Filter>Window\Controls</Filter>
    </ClInclude>
    <ClInclude Include="..\source\win32\NstCtrlRadioButton.hpp">
      <Filter>Window\Controls</Filter>
    </ClInclude>
    <ClInclude Include="..\source\win32\NstCtrlSlider.hpp">
      <Filter>Window\Controls</Filter>
    </ClInclude>
    <ClInclude Include="..\source\win32\NstCtrlStandard.hpp">
      <Filter>Window\Controls</Filter>
    </ClInclude>
    <ClInclude Include="..\source\win32\NstCtrlTreeView.hpp">
      <Filter>Window\Controls</Filter>
    </ClInclude>
    <ClInclude Include="..\source\win32\NstManager.hpp">
      <Filter>Managers</Filter>
    </ClInclude>
    <ClInclude Include="..\source\win32\NstManagerAviConverter.hpp">
      <Filter>Managers</Filter>
    </ClInclude>
    <ClInclude Include="..\source\win32\NstManagerBarcodeReader.hpp">
      <Filter>Managers</Filter>
    </ClInclude>
    <ClInclude Include="..\source\win32\NstManagerCheats.hpp">
      <Filter>Managers</Filter>
    </ClInclude>
    <ClInclude Include="..\source\win32\NstManagerDipSwitches.hpp">
      <Filter>Managers</Filter>
    </ClInclude>
    <ClInclude Include="..\source\win32\NstManagerEmulator.hpp">
      <Filter>Managers</Filter>
    </ClInclude>
    <ClInclude Include="..\source\win32\NstManagerFds.hpp">
      <Filter>Managers</Filter>
    </ClInclude>
    <ClInclude Include="..\source\win32\NstManagerFiles.hpp">
      <Filter>Managers</Filter>
    </ClInclude>
    <ClInclude Include="..\source\win32\NstManagerFrameClock.hpp">
      <Filter>Managers</Filter>
    </ClInclude>
    <ClInclude Include="..\source\win32\NstManagerHelp.hpp">
      <Filter>Managers</Filter>
    </ClInclude>
    <ClInclude Include="..\source\win32\NstManagerImageDatabase.hpp">
      <Filter>Managers</Filter>
    </ClInclude>
    <ClInclude Include="..\source\win32\NstManagerImageInfo.hpp">
      <Filter>Managers</Filter>
    </ClInclude>
    <ClInclude Include="..\source\win32\NstManagerInesHeader.hpp">
      <Filter>Managers</Filter>
    </ClInclude>
    <ClInclude Include="..\source\win32\NstManagerInput.hpp">
      <Filter>Managers</Filter>
    </ClInclude>
    <ClInclude Include="..\source\win32\NstManagerLanguage.hpp">
      <Filter>Managers</Filter>
    </ClInclude>
    <ClInclude Include="..\source\win32\NstManagerLauncher.hpp">
      <Filter>Managers</Filter>
    </ClInclude>
    <ClInclude Include="..\source\win32\NstManagerLogfile.hpp">
      <Filter>Managers</Filter>
    </ClInclude>
    <ClInclude Include="..\source\win32\NstManagerMachine.hpp">
      <Filter>Managers</Filter>
    </ClInclude>
    <ClInclude Include="..\source\win32\NstManagerMovie.hpp">
      <Filter>Managers</Filter>
    </ClInclude>
    <ClInclude Include="..\source\win32\NstManagerNetplay.hpp">
      <Filter>Managers</Filter>
    </ClInclude>
    <ClInclude Include="..\source\win32\NstManagerNsf.hpp">
      <Filter>Managers</Filter>
    </ClInclude>
    <ClInclude Include="..\source\win32\NstManagerPaths.hpp">
      <Filter>Managers</Filter>
    </ClInclude>
    <ClInclude Include="..\source\win32\NstManagerPathsFilter.hpp">
      <Filter>Managers</Filter>
    </ClInclude>
    <ClInclude Include="..\source\win32\NstManagerPreferences.hpp">
      <Filter>Managers</Filter>
    </ClInclude>
    <ClInclude Include="..\source\win32\NstManagerRecentDirs.hpp">
      <Filter>Managers</Filter>
    </ClInclude>
    <ClInclude Include="..\source\win32\NstManagerRecentFiles.hpp">
      <Filter>Managers</Filter>
    </ClInclude>
    <ClInclude Include="..\source\win32\NstManagerSaveStates.hpp">
      <Filter>Managers</Filter>
    </ClInclude>
    <ClInclude Include="..\source\win32\NstManagerSound.hpp">
      <Filter>Managers</Filter>
    </ClInclude>
    <ClInclude Include="..\source\win32\NstManagerSoundRecorder.hpp">
      <Filter>Managers</Filter>
    </ClInclude>
    <ClInclude Include="..\source\win32\NstManagerTapeRecorder.hpp">
      <Filter>Managers</Filter>
    </ClInclude>
    <ClInclude Include="..\source\win32\NstManagerVideo.hpp">
      <Filter>Managers</Filter>
    </ClInclude>
    <ClInclude Include="..\source\win32\NstIoArchive.hpp">
      <Filter>IO</Filter>
    </ClInclude>
    <ClInclude Include="..\source\win32\NstIoFile.hpp">
      <Filter>IO</Filter>
    </ClInclude>
    <ClInclude Include="..\source\win32\NstIoLog.hpp">
      <Filter>IO</Filter>
    </ClInclude>
    <ClInclude Include="..\source\win32\NstIoScreen.hpp">
      <Filter>IO</Filter>
    </ClInclude>
    <ClInclude Include="..\source\win32\NstIoStream.hpp">
      <Filter>IO</Filter>
    </ClInclude>
    <ClInclude Include="..\source\win32\NstIoWave.hpp">
      <Filter>IO</Filter>
    </ClInclude>
    <ClInclude Include="..\source\win32\NstObjectBackup.hpp">
      <Filter>Object</Filter>
    </ClInclude>
    <ClInclude Include="..\source\win32\NstObjectDelegate.hpp">
      <Filter>Object</Filter>
    </ClInclude>
    <ClInclude Include="..\source\win32\NstObjectHeap.hpp">
      <Filter>Object</Filter>
    </ClInclude>
    <ClInclude Include="..\source\win32\NstObjectPod.hpp">
      <Filter>Object</Filter>
    </ClInclude>
    <ClInclude Include="..\source\win32\NstResourceBitmap.hpp">
      <Filter>Resource</Filter>
    </ClInclude>
    <ClInclude Include="..\source\win32\NstResourceClipboard.hpp">
      <Filter>Resource</Filter>
    </ClInclude>
    <ClInclude Include="..\source\win32\NstResourceCursor.hpp">
      <Filter>Resource</Filter>
    </ClInclude>
    <ClInclude Include="..\source\win32\NstResourceFile.hpp">
      <Filter>Resource</Filter>
    </ClInclude>
    <ClInclude Include="..\source\win32\NstResourceGeneric.hpp">
      <Filter>Resource</Filter>
    </ClInclude>
    <ClInclude Include="..\source\win32\NstResourceIcon.hpp">
      <Filter>Resource</Filter>
    </ClInclude>
    <ClInclude Include="..\source\win32\NstResourceMenu.hpp">
      <Filter>Resource</Filter>
    </ClInclude>
    <ClInclude Include="..\source\win32\NstResourceString.hpp">
      <Filter>Resource</Filter>
    </ClInclude>
    <ClInclude Include="..\source\win32\NstResourceVersion.hpp">
      <Filter>Resource</Filter>
    </ClInclude>
    <ClInclude Include="..\source\win32\resource\resource.h">
      <Filter>Resource</Filter>
    </ClInclude>
    <ClInclude Include="..\source\win32\NstSystemAccelerator.hpp">
      <Filter>System</Filter>
    </ClInclude>
    <ClInclude Include="..\source\win32\NstSystemDll.hpp">
      <Filter>System</Filter>
    </ClInclude>
    <ClInclude Include="..\source\win32\NstSystemGuid.hpp">
      <Filter>System</Filter>
    </ClInclude>
    <ClInclude Include="..\source\win32\NstSystemInfo.hpp">
      <Filter>System</Filter>
    </ClInclude>
    <ClInclude Include="..\source\win32\NstSystemKeyboard.hpp">
      <Filter>System</Filter>
    </ClInclude>
    <ClInclude Include="..\source\win32\NstSystemRegistry.hpp">
      <Filter>System</Filter>
    </ClInclude>
    <ClInclude Include="..\source\win32\NstSystemThread.hpp">
      <Filter>System</Filter>
    </ClInclude>
    <ClInclude Include="..\source\win32\NstSystemTime.hpp">
      <Filter>System</Filter>
    </ClInclude>
    <ClInclude Include="..\source\win32\NstSystemTimer.hpp">
      <Filter>System</Filter>
    </ClInclude>
    <ClInclude Include="..\source\win32\NstString.hpp">
      <Filter>String</Filter>
    </ClInclude>
    <ClInclude Include="..\source\win32\NstDirect2D.hpp">
      <Filter>DirectX</Filter>
    </ClInclude>
    <ClInclude Include="..\source\win32\NstDirectInput.hpp">
      <Filter>DirectX</Filter>
    </ClInclude>
    <ClInclude Include="..\source\win32\NstDirectSound.hpp">
      <Filter>DirectX</Filter>
    </ClInclude>
    <ClInclude Include="..\source\win32\NstDirectX.hpp">
      <Filter>DirectX</Filter>
    </ClInclude>
    <ClInclude Include="..\source\win32\NstMain.hpp" />
  </ItemGroup>
  <ItemGroup>
    <None Include="..\source\win32\NstCollectionRouter.inl">
      <Filter>Collection</Filter>
    </None>
    <None Include="..\source\win32\NstWindowDialog.inl">
      <Filter>Window</Filter>
    </None>
    <None Include="..\source\win32\resource\FolderClosed.bmp">
      <Filter>Resource\Bitmaps</Filter>
    </None>
    <None Include="..\source\win32\resource\FolderOpen.bmp">
      <Filter>Resource\Bitmaps</Filter>
    </None>
    <None Include="..\source\win32\resource\application.ico">
      <Filter>Resource\Icons</Filter>
    </None>
    <None Include="..\source\win32\resource\application_j.ico">
      <Filter>Resource\Icons</Filter>
    </None>
    <None Include="..\source\win32\resource\fds.ico">
      <Filter>Resource\Icons</Filter>
    </None>
    <None Include="..\source\win32\resource\nes.ico">
      <Filter>Resource\Icons</Filter>
    </None>
    <None Include="..\source\win32\resource\nes_j.ico">
      <Filter>Resource\Icons</Filter>
    </None>
    <None Include="..\source\win32\resource\nsf.ico">
      <Filter>Resource\Icons</Filter>
    </None>
    <None Include="..\source\win32\resource\nsf_j.ico">
      <Filter>Resource\Icons</Filter>
    </None>
    <None Include="..\source\win32\resource\nsp.ico">
      <Filter>Resource\Icons</Filter>
    </None>
    <None Include="..\source\win32\resource\nsp_j.ico">
      <Filter>Resource\Icons</Filter>
    </None>
    <None Include="..\source\win32\resource\unf.ico">
      <Filter>Resource\Icons</Filter>
    </None>
    <None Include="..\source\win32\resource\unf_j.ico">
      <Filter>Resource\Icons</Filter>
    </None>
    <None Include="..\source\win32\resource\window.ico">
      <Filter>Resource\Icons</Filter>
    </None>
    <None Include="..\source\win32\resource\window_j.ico">
      <Filter>Resource\Icons</Filter>
    </None>
    <None Include="..\source\win32\resource\copying.zip">
      <Filter>Resource\Files</Filter>
    </None>
    <None Include="..\source\win32\resource\gun.cur">
      <Filter>Resource\Files</Filter>
    </None>
    <None Include="..\source\core\database\NstDatabase.zip">
      <Filter>Resource\Files</Filter>
    </None>
  </ItemGroup>
  <ItemGroup>
    <ResourceCompile Include="..\source\win32\resource\win32.rc">
      <Filter>Resource</Filter>
    </ResourceCompile>
  </ItemGroup>
  <ItemGroup>
    <CustomBuild Include="..\dll\7zxa.dll">
      <Filter>Resource\Files</Filter>
    </CustomBuild>
    <CustomBuild Include="..\dll\kailleraclient.dll">
      <Filter>Resource\Files</Filter>
    </CustomBuild>
    <CustomBuild Include="..\doc\releasenotes.txt">
      <Filter>Resource\Files</Filter>
    </CustomBuild>
    <CustomBuild Include="..\dll\unrar.dll">
      <Filter>Resource\Files</Filter>
    </CustomBuild>
  </ItemGroup>
</Project>