<?xml version="1.0" encoding="utf-8"?>
<Project ToolsVersion="4.0" xmlns="http://schemas.microsoft.com/developer/msbuild/2003">
  <ItemGroup>
    <Filter Include="Source Files">
      <UniqueIdentifier>{4FC737F1-C7A5-4376-A066-2A32D752A2FF}</UniqueIdentifier>
      <Extensions>cpp;c;cxx;def;odl;idl;hpj;bat;asm;asmx</Extensions>
    </Filter>
    <Filter Include="Header Files">
      <UniqueIdentifier>{93995380-89BD-4b04-88EB-625FBE52EBFB}</UniqueIdentifier>
      <Extensions>h;hpp;hxx;hm;inl;inc;xsd</Extensions>
    </Filter>
    <Filter Include="Source Files\core">
      <UniqueIdentifier>{bb2769c3-f85a-46ed-b7fa-9b479cacb927}</UniqueIdentifier>
    </Filter>
    <Filter Include="Source Files\core\api">
      <UniqueIdentifier>{cfd4b486-09df-4d1c-8ae5-d39d256c047a}</UniqueIdentifier>
    </Filter>
    <Filter Include="Source Files\core\board">
      <UniqueIdentifier>{f3d53a31-83d2-40ac-8c5d-ad9324f3d392}</UniqueIdentifier>
    </Filter>
    <Filter Include="Source Files\core\input">
      <UniqueIdentifier>{89661cd6-755f-4ecd-89a3-ac7caf2d908c}</UniqueIdentifier>
    </Filter>
    <Filter Include="Source Files\core\vssystem">
      <UniqueIdentifier>{21634da5-491c-4dd3-b53b-cc17f64c07e2}</UniqueIdentifier>
    </Filter>
    <Filter Include="Source Files\libretro">
      <UniqueIdentifier>{763265c6-4c2c-4a36-9561-d7bc02c13c07}</UniqueIdentifier>
    </Filter>
  </ItemGroup>
  <ItemGroup>
    <ClCompile Include="..\..\..\source\core\api\NstApiVideo.cpp">
      <Filter>Source Files\core\api</Filter>
    </ClCompile>
    <ClCompile Include="..\..\..\source\core\api\NstApiBarcodeReader.cpp">
      <Filter>Source Files\core\api</Filter>
    </ClCompile>
    <ClCompile Include="..\..\..\source\core\api\NstApiCartridge.cpp">
      <Filter>Source Files\core\api</Filter>
    </ClCompile>
    <ClCompile Include="..\..\..\source\core\api\NstApiCheats.cpp">
      <Filter>Source Files\core\api</Filter>
    </ClCompile>
    <ClCompile Include="..\..\..\source\core\api\NstApiDipSwitches.cpp">
      <Filter>Source Files\core\api</Filter>
    </ClCompile>
    <ClCompile Include="..\..\..\source\core\api\NstApiEmulator.cpp">
      <Filter>Source Files\core\api</Filter>
    </ClCompile>
    <ClCompile Include="..\..\..\source\core\api\NstApiFds.cpp">
      <Filter>Source Files\core\api</Filter>
    </ClCompile>
    <ClCompile Include="..\..\..\source\core\api\NstApiInput.cpp">
      <Filter>Source Files\core\api</Filter>
    </ClCompile>
    <ClCompile Include="..\..\..\source\core\api\NstApiMachine.cpp">
      <Filter>Source Files\core\api</Filter>
    </ClCompile>
    <ClCompile Include="..\..\..\source\core\api\NstApiMovie.cpp">
      <Filter>Source Files\core\api</Filter>
    </ClCompile>
    <ClCompile Include="..\..\..\source\core\api\NstApiNsf.cpp">
      <Filter>Source Files\core\api</Filter>
    </ClCompile>
    <ClCompile Include="..\..\..\source\core\api\NstApiRewinder.cpp">
      <Filter>Source Files\core\api</Filter>
    </ClCompile>
    <ClCompile Include="..\..\..\source\core\api\NstApiSound.cpp">
      <Filter>Source Files\core\api</Filter>
    </ClCompile>
    <ClCompile Include="..\..\..\source\core\api\NstApiTapeRecorder.cpp">
      <Filter>Source Files\core\api</Filter>
    </ClCompile>
    <ClCompile Include="..\..\..\source\core\api\NstApiUser.cpp">
      <Filter>Source Files\core\api</Filter>
    </ClCompile>
    <ClCompile Include="..\..\..\source\core\board\NstBoardZz.cpp">
      <Filter>Source Files\core\board</Filter>
    </ClCompile>
    <ClCompile Include="..\..\..\source\core\board\NstBoard.cpp">
      <Filter>Source Files\core\board</Filter>
    </ClCompile>
    <ClCompile Include="..\..\..\source\core\board\NstBoardAcclaimMcAcc.cpp">
      <Filter>Source Files\core\board</Filter>
    </ClCompile>
    <ClCompile Include="..\..\..\source\core\board\NstBoardAe.cpp">
      <Filter>Source Files\core\board</Filter>
    </ClCompile>
    <ClCompile Include="..\..\..\source\core\board\NstBoardAgci.cpp">
      <Filter>Source Files\core\board</Filter>
    </ClCompile>
    <ClCompile Include="..\..\..\source\core\board\NstBoardAveD1012.cpp">
      <Filter>Source Files\core\board</Filter>
    </ClCompile>
    <ClCompile Include="..\..\..\source\core\board\NstBoardAveNina.cpp">
      <Filter>Source Files\core\board</Filter>
    </ClCompile>
    <ClCompile Include="..\..\..\source\core\board\NstBoardAxRom.cpp">
      <Filter>Source Files\core\board</Filter>
    </ClCompile>
    <ClCompile Include="..\..\..\source\core\board\NstBoardBandai24c0x.cpp">
      <Filter>Source Files\core\board</Filter>
    </ClCompile>
    <ClCompile Include="..\..\..\source\core\board\NstBoardBandaiAerobicsStudio.cpp">
      <Filter>Source Files\core\board</Filter>
    </ClCompile>
    <ClCompile Include="..\..\..\source\core\board\NstBoardBandaiDatach.cpp">
      <Filter>Source Files\core\board</Filter>
    </ClCompile>
    <ClCompile Include="..\..\..\source\core\board\NstBoardBandaiKaraokeStudio.cpp">
      <Filter>Source Files\core\board</Filter>
    </ClCompile>
    <ClCompile Include="..\..\..\source\core\board\NstBoardBandaiLz93d50.cpp">
      <Filter>Source Files\core\board</Filter>
    </ClCompile>
    <ClCompile Include="..\..\..\source\core\board\NstBoardBandaiLz93d50ex.cpp">
      <Filter>Source Files\core\board</Filter>
    </ClCompile>
    <ClCompile Include="..\..\..\source\core\board\NstBoardBandaiOekaKids.cpp">
      <Filter>Source Files\core\board</Filter>
    </ClCompile>
    <ClCompile Include="..\..\..\source\core\board\NstBoardBenshengBs5.cpp">
      <Filter>Source Files\core\board</Filter>
    </ClCompile>
    <ClCompile Include="..\..\..\source\core\board\NstBoardBmc15in1.cpp">
      <Filter>Source Files\core\board</Filter>
    </ClCompile>
    <ClCompile Include="..\..\..\source\core\board\NstBoardBmc20in1.cpp">
      <Filter>Source Files\core\board</Filter>
    </ClCompile>
    <ClCompile Include="..\..\..\source\core\board\NstBoardBmc21in1.cpp">
      <Filter>Source Files\core\board</Filter>
    </ClCompile>
    <ClCompile Include="..\..\..\source\core\board\NstBoardBmc22Games.cpp">
      <Filter>Source Files\core\board</Filter>
    </ClCompile>
    <ClCompile Include="..\..\..\source\core\board\NstBoardBmc31in1.cpp">
      <Filter>Source Files\core\board</Filter>
    </ClCompile>
    <ClCompile Include="..\..\..\source\core\board\NstBoardBmc35in1.cpp">
      <Filter>Source Files\core\board</Filter>
    </ClCompile>
    <ClCompile Include="..\..\..\source\core\board\NstBoardBmc36in1.cpp">
      <Filter>Source Files\core\board</Filter>
    </ClCompile>
    <ClCompile Include="..\..\..\source\core\board\NstBoardBmc64in1.cpp">
      <Filter>Source Files\core\board</Filter>
    </ClCompile>
    <ClCompile Include="..\..\..\source\core\board\NstBoardBmc72in1.cpp">
      <Filter>Source Files\core\board</Filter>
    </ClCompile>
    <ClCompile Include="..\..\..\source\core\board\NstBoardBmc76in1.cpp">
      <Filter>Source Files\core\board</Filter>
    </ClCompile>
    <ClCompile Include="..\..\..\source\core\board\NstBoardBmc110in1.cpp">
      <Filter>Source Files\core\board</Filter>
    </ClCompile>
    <ClCompile Include="..\..\..\source\core\board\NstBoardBmc150in1.cpp">
      <Filter>Source Files\core\board</Filter>
    </ClCompile>
    <ClCompile Include="..\..\..\source\core\board\NstBoardBmc800in1.cpp">
      <Filter>Source Files\core\board</Filter>
    </ClCompile>
    <ClCompile Include="..\..\..\source\core\board\NstBoardBmc1200in1.cpp">
      <Filter>Source Files\core\board</Filter>
    </ClCompile>
    <ClCompile Include="..\..\..\source\core\board\NstBoardBmc8157.cpp">
      <Filter>Source Files\core\board</Filter>
    </ClCompile>
    <ClCompile Include="..\..\..\source\core\board\NstBoardBmc9999999in1.cpp">
      <Filter>Source Files\core\board</Filter>
    </ClCompile>
    <ClCompile Include="..\..\..\source\core\board\NstBoardBmcA65as.cpp">
      <Filter>Source Files\core\board</Filter>
    </ClCompile>
    <ClCompile Include="..\..\..\source\core\board\NstBoardBmcBallgames11in1.cpp">
      <Filter>Source Files\core\board</Filter>
    </ClCompile>
    <ClCompile Include="..\..\..\source\core\board\NstBoardBmcCh001.cpp">
      <Filter>Source Files\core\board</Filter>
    </ClCompile>
    <ClCompile Include="..\..\..\source\core\board\NstBoardBmcCtc65.cpp">
      <Filter>Source Files\core\board</Filter>
    </ClCompile>
    <ClCompile Include="..\..\..\source\core\board\NstBoardBmcFamily4646B.cpp">
      <Filter>Source Files\core\board</Filter>
    </ClCompile>
    <ClCompile Include="..\..\..\source\core\board\NstBoardBmcFk23c.cpp">
      <Filter>Source Files\core\board</Filter>
    </ClCompile>
    <ClCompile Include="..\..\..\source\core\board\NstBoardBmcGamestarA.cpp">
      <Filter>Source Files\core\board</Filter>
    </ClCompile>
    <ClCompile Include="..\..\..\source\core\board\NstBoardBmcGamestarB.cpp">
      <Filter>Source Files\core\board</Filter>
    </ClCompile>
    <ClCompile Include="..\..\..\source\core\board\NstBoardBmcGolden190in1.cpp">
      <Filter>Source Files\core\board</Filter>
    </ClCompile>
    <ClCompile Include="..\..\..\source\core\board\NstBoardBmcGoldenCard6in1.cpp">
      <Filter>Source Files\core\board</Filter>
    </ClCompile>
    <ClCompile Include="..\..\..\source\core\board\NstBoardBmcGoldenGame260in1.cpp">
      <Filter>Source Files\core\board</Filter>
    </ClCompile>
    <ClCompile Include="..\..\..\source\core\board\NstBoardBmcHero.cpp">
      <Filter>Source Files\core\board</Filter>
    </ClCompile>
    <ClCompile Include="..\..\..\source\core\board\NstBoardBmcMarioParty7in1.cpp">
      <Filter>Source Files\core\board</Filter>
    </ClCompile>
    <ClCompile Include="..\..\..\source\core\board\NstBoardBmcNovelDiamond.cpp">
      <Filter>Source Files\core\board</Filter>
    </ClCompile>
    <ClCompile Include="..\..\..\source\core\board\NstBoardBmcPowerjoy84in1.cpp">
      <Filter>Source Files\core\board</Filter>
    </ClCompile>
    <ClCompile Include="..\..\..\source\core\board\NstBoardBmcResetBased4in1.cpp">
      <Filter>Source Files\core\board</Filter>
    </ClCompile>
    <ClCompile Include="..\..\..\source\core\board\NstBoardBmcSuper22Games.cpp">
      <Filter>Source Files\core\board</Filter>
    </ClCompile>
    <ClCompile Include="..\..\..\source\core\board\NstBoardBmcSuper24in1.cpp">
      <Filter>Source Files\core\board</Filter>
    </ClCompile>
    <ClCompile Include="..\..\..\source\core\board\NstBoardBmcSuper40in1.cpp">
      <Filter>Source Files\core\board</Filter>
    </ClCompile>
    <ClCompile Include="..\..\..\source\core\board\NstBoardBmcSuper700in1.cpp">
      <Filter>Source Files\core\board</Filter>
    </ClCompile>
    <ClCompile Include="..\..\..\source\core\board\NstBoardBmcSuperBig7in1.cpp">
      <Filter>Source Files\core\board</Filter>
    </ClCompile>
    <ClCompile Include="..\..\..\source\core\board\NstBoardBmcSuperGun20in1.cpp">
      <Filter>Source Files\core\board</Filter>
    </ClCompile>
    <ClCompile Include="..\..\..\source\core\board\NstBoardBmcSuperHiK4in1.cpp">
      <Filter>Source Files\core\board</Filter>
    </ClCompile>
    <ClCompile Include="..\..\..\source\core\board\NstBoardBmcSuperHiK300in1.cpp">
      <Filter>Source Files\core\board</Filter>
    </ClCompile>
    <ClCompile Include="..\..\..\source\core\board\NstBoardBmcSuperVision16in1.cpp">
      <Filter>Source Files\core\board</Filter>
    </ClCompile>
    <ClCompile Include="..\..\..\source\core\board\NstBoardBmcT262.cpp">
      <Filter>Source Files\core\board</Filter>
    </ClCompile>
    <ClCompile Include="..\..\..\source\core\board\NstBoardBmcVrc4.cpp">
      <Filter>Source Files\core\board</Filter>
    </ClCompile>
    <ClCompile Include="..\..\..\source\core\board\NstBoardBmcVt5201.cpp">
      <Filter>Source Files\core\board</Filter>
    </ClCompile>
    <ClCompile Include="..\..\..\source\core\board\NstBoardBmcY2k64in1.cpp">
      <Filter>Source Files\core\board</Filter>
    </ClCompile>
    <ClCompile Include="..\..\..\source\core\board\NstBoardBtl2708.cpp">
      <Filter>Source Files\core\board</Filter>
    </ClCompile>
    <ClCompile Include="..\..\..\source\core\board\NstBoardBtl6035052.cpp">
      <Filter>Source Files\core\board</Filter>
    </ClCompile>
    <ClCompile Include="..\..\..\source\core\board\NstBoardBtlAx5705.cpp">
      <Filter>Source Files\core\board</Filter>
    </ClCompile>
    <ClCompile Include="..\..\..\source\core\board\NstBoardBtlDragonNinja.cpp">
      <Filter>Source Files\core\board</Filter>
    </ClCompile>
    <ClCompile Include="..\..\..\source\core\board\NstBoardBtlGeniusMerioBros.cpp">
      <Filter>Source Files\core\board</Filter>
    </ClCompile>
    <ClCompile Include="..\..\..\source\core\board\NstBoardBtlMarioBaby.cpp">
      <Filter>Source Files\core\board</Filter>
    </ClCompile>
    <ClCompile Include="..\..\..\source\core\board\NstBoardBtlPikachuY2k.cpp">
      <Filter>Source Files\core\board</Filter>
    </ClCompile>
    <ClCompile Include="..\..\..\source\core\board\NstBoardBtlShuiGuanPipe.cpp">
      <Filter>Source Files\core\board</Filter>
    </ClCompile>
    <ClCompile Include="..\..\..\source\core\board\NstBoardBtlSmb2a.cpp">
      <Filter>Source Files\core\board</Filter>
    </ClCompile>
    <ClCompile Include="..\..\..\source\core\board\NstBoardBtlSmb2b.cpp">
      <Filter>Source Files\core\board</Filter>
    </ClCompile>
    <ClCompile Include="..\..\..\source\core\board\NstBoardBtlSmb2c.cpp">
      <Filter>Source Files\core\board</Filter>
    </ClCompile>
    <ClCompile Include="..\..\..\source\core\board\NstBoardBtlSmb3.cpp">
      <Filter>Source Files\core\board</Filter>
    </ClCompile>
    <ClCompile Include="..\..\..\source\core\board\NstBoardBtlSuperBros11.cpp">
      <Filter>Source Files\core\board</Filter>
    </ClCompile>
    <ClCompile Include="..\..\..\source\core\board\NstBoardBtlT230.cpp">
      <Filter>Source Files\core\board</Filter>
    </ClCompile>
    <ClCompile Include="..\..\..\source\core\board\NstBoardBtlTobidaseDaisakusen.cpp">
      <Filter>Source Files\core\board</Filter>
    </ClCompile>
    <ClCompile Include="..\..\..\source\core\board\NstBoardBxRom.cpp">
      <Filter>Source Files\core\board</Filter>
    </ClCompile>
    <ClCompile Include="..\..\..\source\core\board\NstBoardCaltron.cpp">
      <Filter>Source Files\core\board</Filter>
    </ClCompile>
    <ClCompile Include="..\..\..\source\core\board\NstBoardCamerica.cpp">
      <Filter>Source Files\core\board</Filter>
    </ClCompile>
    <ClCompile Include="..\..\..\source\core\board\NstBoardCneDecathlon.cpp">
      <Filter>Source Files\core\board</Filter>
    </ClCompile>
    <ClCompile Include="..\..\..\source\core\board\NstBoardCnePsb.cpp">
      <Filter>Source Files\core\board</Filter>
    </ClCompile>
    <ClCompile Include="..\..\..\source\core\board\NstBoardCneShlz.cpp">
      <Filter>Source Files\core\board</Filter>
    </ClCompile>
    <ClCompile Include="..\..\..\source\core\board\NstBoardCony.cpp">
      <Filter>Source Files\core\board</Filter>
    </ClCompile>
    <ClCompile Include="..\..\..\source\core\board\NstBoardCxRom.cpp">
      <Filter>Source Files\core\board</Filter>
    </ClCompile>
    <ClCompile Include="..\..\..\source\core\board\NstBoardDiscrete.cpp">
      <Filter>Source Files\core\board</Filter>
    </ClCompile>
    <ClCompile Include="..\..\..\source\core\board\NstBoardDreamtech.cpp">
      <Filter>Source Files\core\board</Filter>
    </ClCompile>
    <ClCompile Include="..\..\..\source\core\board\NstBoardEvent.cpp">
      <Filter>Source Files\core\board</Filter>
    </ClCompile>
    <ClCompile Include="..\..\..\source\core\board\NstBoardFb.cpp">
      <Filter>Source Files\core\board</Filter>
    </ClCompile>
    <ClCompile Include="..\..\..\source\core\board\NstBoardFfe.cpp">
      <Filter>Source Files\core\board</Filter>
    </ClCompile>
    <ClCompile Include="..\..\..\source\core\board\NstBoardFujiya.cpp">
      <Filter>Source Files\core\board</Filter>
    </ClCompile>
    <ClCompile Include="..\..\..\source\core\board\NstBoardFukutake.cpp">
      <Filter>Source Files\core\board</Filter>
    </ClCompile>
    <ClCompile Include="..\..\..\source\core\board\NstBoardFutureMedia.cpp">
      <Filter>Source Files\core\board</Filter>
    </ClCompile>
    <ClCompile Include="..\..\..\source\core\board\NstBoardGouder.cpp">
      <Filter>Source Files\core\board</Filter>
    </ClCompile>
    <ClCompile Include="..\..\..\source\core\board\NstBoardGxRom.cpp">
      <Filter>Source Files\core\board</Filter>
    </ClCompile>
    <ClCompile Include="..\..\..\source\core\board\NstBoardHenggedianzi.cpp">
      <Filter>Source Files\core\board</Filter>
    </ClCompile>
    <ClCompile Include="..\..\..\source\core\board\NstBoardHes.cpp">
      <Filter>Source Files\core\board</Filter>
    </ClCompile>
    <ClCompile Include="..\..\..\source\core\board\NstBoardHosenkan.cpp">
      <Filter>Source Files\core\board</Filter>
    </ClCompile>
    <ClCompile Include="..\..\..\source\core\board\NstBoardIremG101.cpp">
      <Filter>Source Files\core\board</Filter>
    </ClCompile>
    <ClCompile Include="..\..\..\source\core\board\NstBoardIremH3001.cpp">
      <Filter>Source Files\core\board</Filter>
    </ClCompile>
    <ClCompile Include="..\..\..\source\core\board\NstBoardIremHolyDiver.cpp">
      <Filter>Source Files\core\board</Filter>
    </ClCompile>
    <ClCompile Include="..\..\..\source\core\board\NstBoardIremKaiketsu.cpp">
      <Filter>Source Files\core\board</Filter>
    </ClCompile>
    <ClCompile Include="..\..\..\source\core\board\NstBoardIremLrog017.cpp">
      <Filter>Source Files\core\board</Filter>
    </ClCompile>
    <ClCompile Include="..\..\..\source\core\board\NstBoardJalecoJf11.cpp">
      <Filter>Source Files\core\board</Filter>
    </ClCompile>
    <ClCompile Include="..\..\..\source\core\board\NstBoardJalecoJf13.cpp">
      <Filter>Source Files\core\board</Filter>
    </ClCompile>
    <ClCompile Include="..\..\..\source\core\board\NstBoardJalecoJf16.cpp">
      <Filter>Source Files\core\board</Filter>
    </ClCompile>
    <ClCompile Include="..\..\..\source\core\board\NstBoardJalecoJf17.cpp">
      <Filter>Source Files\core\board</Filter>
    </ClCompile>
    <ClCompile Include="..\..\..\source\core\board\NstBoardJalecoJf19.cpp">
      <Filter>Source Files\core\board</Filter>
    </ClCompile>
    <ClCompile Include="..\..\..\source\core\board\NstBoardJalecoSs88006.cpp">
      <Filter>Source Files\core\board</Filter>
    </ClCompile>
    <ClCompile Include="..\..\..\source\core\board\NstBoardJyCompany.cpp">
      <Filter>Source Files\core\board</Filter>
    </ClCompile>
    <ClCompile Include="..\..\..\source\core\board\NstBoardKaiser.cpp">
      <Filter>Source Files\core\board</Filter>
    </ClCompile>
    <ClCompile Include="..\..\..\source\core\board\NstBoardKasing.cpp">
      <Filter>Source Files\core\board</Filter>
    </ClCompile>
    <ClCompile Include="..\..\..\source\core\board\NstBoardKayH2288.cpp">
      <Filter>Source Files\core\board</Filter>
    </ClCompile>
    <ClCompile Include="..\..\..\source\core\board\NstBoardKayPandaPrince.cpp">
      <Filter>Source Files\core\board</Filter>
    </ClCompile>
    <ClCompile Include="..\..\..\source\core\board\NstBoardKonamiVrc1.cpp">
      <Filter>Source Files\core\board</Filter>
    </ClCompile>
    <ClCompile Include="..\..\..\source\core\board\NstBoardKonamiVrc2.cpp">
      <Filter>Source Files\core\board</Filter>
    </ClCompile>
    <ClCompile Include="..\..\..\source\core\board\NstBoardKonamiVrc3.cpp">
      <Filter>Source Files\core\board</Filter>
    </ClCompile>
    <ClCompile Include="..\..\..\source\core\board\NstBoardKonamiVrc4.cpp">
      <Filter>Source Files\core\board</Filter>
    </ClCompile>
    <ClCompile Include="..\..\..\source\core\board\NstBoardKonamiVrc6.cpp">
      <Filter>Source Files\core\board</Filter>
    </ClCompile>
    <ClCompile Include="..\..\..\source\core\board\NstBoardKonamiVrc7.cpp">
      <Filter>Source Files\core\board</Filter>
    </ClCompile>
    <ClCompile Include="..\..\..\source\core\board\NstBoardKonamiVsSystem.cpp">
      <Filter>Source Files\core\board</Filter>
    </ClCompile>
    <ClCompile Include="..\..\..\source\core\board\NstBoardMagicSeries.cpp">
      <Filter>Source Files\core\board</Filter>
    </ClCompile>
    <ClCompile Include="..\..\..\source\core\board\NstBoardMmc1.cpp">
      <Filter>Source Files\core\board</Filter>
    </ClCompile>
    <ClCompile Include="..\..\..\source\core\board\NstBoardMmc2.cpp">
      <Filter>Source Files\core\board</Filter>
    </ClCompile>
    <ClCompile Include="..\..\..\source\core\board\NstBoardMmc3.cpp">
      <Filter>Source Files\core\board</Filter>
    </ClCompile>
    <ClCompile Include="..\..\..\source\core\board\NstBoardMmc4.cpp">
      <Filter>Source Files\core\board</Filter>
    </ClCompile>
    <ClCompile Include="..\..\..\source\core\board\NstBoardMmc5.cpp">
      <Filter>Source Files\core\board</Filter>
    </ClCompile>
    <ClCompile Include="..\..\..\source\core\board\NstBoardMmc6.cpp">
      <Filter>Source Files\core\board</Filter>
    </ClCompile>
    <ClCompile Include="..\..\..\source\core\board\NstBoardNamcot34xx.cpp">
      <Filter>Source Files\core\board</Filter>
    </ClCompile>
    <ClCompile Include="..\..\..\source\core\board\NstBoardNamcot163.cpp">
      <Filter>Source Files\core\board</Filter>
    </ClCompile>
    <ClCompile Include="..\..\..\source\core\board\NstBoardNamcot175.cpp">
      <Filter>Source Files\core\board</Filter>
    </ClCompile>
    <ClCompile Include="..\..\..\source\core\board\NstBoardNanjing.cpp">
      <Filter>Source Files\core\board</Filter>
    </ClCompile>
    <ClCompile Include="..\..\..\source\core\board\NstBoardNihon.cpp">
      <Filter>Source Files\core\board</Filter>
    </ClCompile>
    <ClCompile Include="..\..\..\source\core\board\NstBoardNitra.cpp">
      <Filter>Source Files\core\board</Filter>
    </ClCompile>
    <ClCompile Include="..\..\..\source\core\board\NstBoardNtdec.cpp">
      <Filter>Source Files\core\board</Filter>
    </ClCompile>
    <ClCompile Include="..\..\..\source\core\board\NstBoardOpenCorp.cpp">
      <Filter>Source Files\core\board</Filter>
    </ClCompile>
    <ClCompile Include="..\..\..\source\core\board\NstBoardQj.cpp">
      <Filter>Source Files\core\board</Filter>
    </ClCompile>
    <ClCompile Include="..\..\..\source\core\board\NstBoardRcm.cpp">
      <Filter>Source Files\core\board</Filter>
    </ClCompile>
    <ClCompile Include="..\..\..\source\core\board\NstBoardRexSoftDb5z.cpp">
      <Filter>Source Files\core\board</Filter>
    </ClCompile>
    <ClCompile Include="..\..\..\source\core\board\NstBoardRexSoftSl1632.cpp">
      <Filter>Source Files\core\board</Filter>
    </ClCompile>
    <ClCompile Include="..\..\..\source\core\board\NstBoardRumbleStation.cpp">
      <Filter>Source Files\core\board</Filter>
    </ClCompile>
    <ClCompile Include="..\..\..\source\core\board\NstBoardSachen74x374.cpp">
      <Filter>Source Files\core\board</Filter>
    </ClCompile>
    <ClCompile Include="..\..\..\source\core\board\NstBoardSachenS8259.cpp">
      <Filter>Source Files\core\board</Filter>
    </ClCompile>
    <ClCompile Include="..\..\..\source\core\board\NstBoardSachenSa0036.cpp">
      <Filter>Source Files\core\board</Filter>
    </ClCompile>
    <ClCompile Include="..\..\..\source\core\board\NstBoardSachenSa0037.cpp">
      <Filter>Source Files\core\board</Filter>
    </ClCompile>
    <ClCompile Include="..\..\..\source\core\board\NstBoardSachenSa72007.cpp">
      <Filter>Source Files\core\board</Filter>
    </ClCompile>
    <ClCompile Include="..\..\..\source\core\board\NstBoardSachenSa72008.cpp">
      <Filter>Source Files\core\board</Filter>
    </ClCompile>
    <ClCompile Include="..\..\..\source\core\board\NstBoardSachenStreetHeroes.cpp">
      <Filter>Source Files\core\board</Filter>
    </ClCompile>
    <ClCompile Include="..\..\..\source\core\board\NstBoardSachenTca01.cpp">
      <Filter>Source Files\core\board</Filter>
    </ClCompile>
    <ClCompile Include="..\..\..\source\core\board\NstBoardSachenTcu.cpp">
      <Filter>Source Files\core\board</Filter>
    </ClCompile>
    <ClCompile Include="..\..\..\source\core\board\NstBoardSomeriTeamSl12.cpp">
      <Filter>Source Files\core\board</Filter>
    </ClCompile>
    <ClCompile Include="..\..\..\source\core\board\NstBoardSubor.cpp">
      <Filter>Source Files\core\board</Filter>
    </ClCompile>
    <ClCompile Include="..\..\..\source\core\board\NstBoardSunsoft1.cpp">
      <Filter>Source Files\core\board</Filter>
    </ClCompile>
    <ClCompile Include="..\..\..\source\core\board\NstBoardSunsoft2.cpp">
      <Filter>Source Files\core\board</Filter>
    </ClCompile>
    <ClCompile Include="..\..\..\source\core\board\NstBoardSunsoft3.cpp">
      <Filter>Source Files\core\board</Filter>
    </ClCompile>
    <ClCompile Include="..\..\..\source\core\board\NstBoardSunsoft4.cpp">
      <Filter>Source Files\core\board</Filter>
    </ClCompile>
    <ClCompile Include="..\..\..\source\core\board\NstBoardSunsoft5b.cpp">
      <Filter>Source Files\core\board</Filter>
    </ClCompile>
    <ClCompile Include="..\..\..\source\core\board\NstBoardSunsoftDcs.cpp">
      <Filter>Source Files\core\board</Filter>
    </ClCompile>
    <ClCompile Include="..\..\..\source\core\board\NstBoardSunsoftFme7.cpp">
      <Filter>Source Files\core\board</Filter>
    </ClCompile>
    <ClCompile Include="..\..\..\source\core\board\NstBoardSuperGameBoogerman.cpp">
      <Filter>Source Files\core\board</Filter>
    </ClCompile>
    <ClCompile Include="..\..\..\source\core\board\NstBoardSuperGameLionKing.cpp">
      <Filter>Source Files\core\board</Filter>
    </ClCompile>
    <ClCompile Include="..\..\..\source\core\board\NstBoardSuperGamePocahontas2.cpp">
      <Filter>Source Files\core\board</Filter>
    </ClCompile>
    <ClCompile Include="..\..\..\source\core\board\NstBoardTaitoTc0190fmc.cpp">
      <Filter>Source Files\core\board</Filter>
    </ClCompile>
    <ClCompile Include="..\..\..\source\core\board\NstBoardTaitoTc0190fmcPal16r4.cpp">
      <Filter>Source Files\core\board</Filter>
    </ClCompile>
    <ClCompile Include="..\..\..\source\core\board\NstBoardTaitoX1005.cpp">
      <Filter>Source Files\core\board</Filter>
    </ClCompile>
    <ClCompile Include="..\..\..\source\core\board\NstBoardTaitoX1017.cpp">
      <Filter>Source Files\core\board</Filter>
    </ClCompile>
    <ClCompile Include="..\..\..\source\core\board\NstBoardTengen.cpp">
      <Filter>Source Files\core\board</Filter>
    </ClCompile>
    <ClCompile Include="..\..\..\source\core\board\NstBoardTengenRambo1.cpp">
      <Filter>Source Files\core\board</Filter>
    </ClCompile>
    <ClCompile Include="..\..\..\source\core\board\NstBoardTxc.cpp">
      <Filter>Source Files\core\board</Filter>
    </ClCompile>
    <ClCompile Include="..\..\..\source\core\board\NstBoardTxcMxmdhtwo.cpp">
      <Filter>Source Files\core\board</Filter>
    </ClCompile>
    <ClCompile Include="..\..\..\source\core\board\NstBoardTxcPoliceman.cpp">
      <Filter>Source Files\core\board</Filter>
    </ClCompile>
    <ClCompile Include="..\..\..\source\core\board\NstBoardTxcTw.cpp">
      <Filter>Source Files\core\board</Filter>
    </ClCompile>
    <ClCompile Include="..\..\..\source\core\board\NstBoardTxRom.cpp">
      <Filter>Source Files\core\board</Filter>
    </ClCompile>
    <ClCompile Include="..\..\..\source\core\board\NstBoardUnlA9746.cpp">
      <Filter>Source Files\core\board</Filter>
    </ClCompile>
    <ClCompile Include="..\..\..\source\core\board\NstBoardUnlCc21.cpp">
      <Filter>Source Files\core\board</Filter>
    </ClCompile>
    <ClCompile Include="..\..\..\source\core\board\NstBoardUnlEdu2000.cpp">
      <Filter>Source Files\core\board</Filter>
    </ClCompile>
    <ClCompile Include="..\..\..\source\core\board\NstBoardUnlKingOfFighters96.cpp">
      <Filter>Source Files\core\board</Filter>
    </ClCompile>
    <ClCompile Include="..\..\..\source\core\board\NstBoardUnlKingOfFighters97.cpp">
      <Filter>Source Files\core\board</Filter>
    </ClCompile>
    <ClCompile Include="..\..\..\source\core\board\NstBoardUnlMortalKombat2.cpp">
      <Filter>Source Files\core\board</Filter>
    </ClCompile>
    <ClCompile Include="..\..\..\source\core\board\NstBoardUnlN625092.cpp">
      <Filter>Source Files\core\board</Filter>
    </ClCompile>
    <ClCompile Include="..\..\..\source\core\board\NstBoardUnlSuperFighter3.cpp">
      <Filter>Source Files\core\board</Filter>
    </ClCompile>
    <ClCompile Include="..\..\..\source\core\board\NstBoardUnlTf1201.cpp">
      <Filter>Source Files\core\board</Filter>
    </ClCompile>
    <ClCompile Include="..\..\..\source\core\board\NstBoardUnlWorldHero.cpp">
      <Filter>Source Files\core\board</Filter>
    </ClCompile>
    <ClCompile Include="..\..\..\source\core\board\NstBoardUnlXzy.cpp">
      <Filter>Source Files\core\board</Filter>
    </ClCompile>
    <ClCompile Include="..\..\..\source\core\board\NstBoardUxRom.cpp">
      <Filter>Source Files\core\board</Filter>
    </ClCompile>
    <ClCompile Include="..\..\..\source\core\board\NstBoardVsSystem.cpp">
      <Filter>Source Files\core\board</Filter>
    </ClCompile>
    <ClCompile Include="..\..\..\source\core\board\NstBoardWaixing.cpp">
      <Filter>Source Files\core\board</Filter>
    </ClCompile>
    <ClCompile Include="..\..\..\source\core\board\NstBoardWaixingFfv.cpp">
      <Filter>Source Files\core\board</Filter>
    </ClCompile>
    <ClCompile Include="..\..\..\source\core\board\NstBoardWaixingPs2.cpp">
      <Filter>Source Files\core\board</Filter>
    </ClCompile>
    <ClCompile Include="..\..\..\source\core\board\NstBoardWaixingSecurity.cpp">
      <Filter>Source Files\core\board</Filter>
    </ClCompile>
    <ClCompile Include="..\..\..\source\core\board\NstBoardWaixingSgz.cpp">
      <Filter>Source Files\core\board</Filter>
    </ClCompile>
    <ClCompile Include="..\..\..\source\core\board\NstBoardWaixingSgzlz.cpp">
      <Filter>Source Files\core\board</Filter>
    </ClCompile>
    <ClCompile Include="..\..\..\source\core\board\NstBoardWaixingSh2.cpp">
      <Filter>Source Files\core\board</Filter>
    </ClCompile>
    <ClCompile Include="..\..\..\source\core\board\NstBoardWaixingZs.cpp">
      <Filter>Source Files\core\board</Filter>
    </ClCompile>
    <ClCompile Include="..\..\..\source\core\board\NstBoardWhirlwind.cpp">
      <Filter>Source Files\core\board</Filter>
    </ClCompile>
    <ClCompile Include="..\..\..\source\core\input\NstInpZapper.cpp">
      <Filter>Source Files\core\input</Filter>
    </ClCompile>
    <ClCompile Include="..\..\..\source\core\input\NstInpAdapter.cpp">
      <Filter>Source Files\core\input</Filter>
    </ClCompile>
    <ClCompile Include="..\..\..\source\core\input\NstInpBandaiHyperShot.cpp">
      <Filter>Source Files\core\input</Filter>
    </ClCompile>
    <ClCompile Include="..\..\..\source\core\input\NstInpBarcodeWorld.cpp">
      <Filter>Source Files\core\input</Filter>
    </ClCompile>
    <ClCompile Include="..\..\..\source\core\input\NstInpCrazyClimber.cpp">
      <Filter>Source Files\core\input</Filter>
    </ClCompile>
    <ClCompile Include="..\..\..\source\core\input\NstInpDoremikkoKeyboard.cpp">
      <Filter>Source Files\core\input</Filter>
    </ClCompile>
    <ClCompile Include="..\..\..\source\core\input\NstInpExcitingBoxing.cpp">
      <Filter>Source Files\core\input</Filter>
    </ClCompile>
    <ClCompile Include="..\..\..\source\core\input\NstInpFamilyKeyboard.cpp">
      <Filter>Source Files\core\input</Filter>
    </ClCompile>
    <ClCompile Include="..\..\..\source\core\input\NstInpFamilyTrainer.cpp">
      <Filter>Source Files\core\input</Filter>
    </ClCompile>
    <ClCompile Include="..\..\..\source\core\input\NstInpHoriTrack.cpp">
      <Filter>Source Files\core\input</Filter>
    </ClCompile>
    <ClCompile Include="..\..\..\source\core\input\NstInpKonamiHyperShot.cpp">
      <Filter>Source Files\core\input</Filter>
    </ClCompile>
    <ClCompile Include="..\..\..\source\core\input\NstInpMahjong.cpp">
      <Filter>Source Files\core\input</Filter>
    </ClCompile>
    <ClCompile Include="..\..\..\source\core\input\NstInpMouse.cpp">
      <Filter>Source Files\core\input</Filter>
    </ClCompile>
    <ClCompile Include="..\..\..\source\core\input\NstInpOekaKidsTablet.cpp">
      <Filter>Source Files\core\input</Filter>
    </ClCompile>
    <ClCompile Include="..\..\..\source\core\input\NstInpPachinko.cpp">
      <Filter>Source Files\core\input</Filter>
    </ClCompile>
    <ClCompile Include="..\..\..\source\core\input\NstInpPad.cpp">
      <Filter>Source Files\core\input</Filter>
    </ClCompile>
    <ClCompile Include="..\..\..\source\core\input\NstInpPaddle.cpp">
      <Filter>Source Files\core\input</Filter>
    </ClCompile>
    <ClCompile Include="..\..\..\source\core\input\NstInpPartyTap.cpp">
      <Filter>Source Files\core\input</Filter>
    </ClCompile>
    <ClCompile Include="..\..\..\source\core\input\NstInpPokkunMoguraa.cpp">
      <Filter>Source Files\core\input</Filter>
    </ClCompile>
    <ClCompile Include="..\..\..\source\core\input\NstInpPowerGlove.cpp">
      <Filter>Source Files\core\input</Filter>
    </ClCompile>
    <ClCompile Include="..\..\..\source\core\input\NstInpPowerPad.cpp">
      <Filter>Source Files\core\input</Filter>
    </ClCompile>
    <ClCompile Include="..\..\..\source\core\input\NstInpRob.cpp">
      <Filter>Source Files\core\input</Filter>
    </ClCompile>
    <ClCompile Include="..\..\..\source\core\input\NstInpSuborKeyboard.cpp">
      <Filter>Source Files\core\input</Filter>
    </ClCompile>
    <ClCompile Include="..\..\..\source\core\input\NstInpTopRider.cpp">
      <Filter>Source Files\core\input</Filter>
    </ClCompile>
    <ClCompile Include="..\..\..\source\core\input\NstInpTurboFile.cpp">
      <Filter>Source Files\core\input</Filter>
    </ClCompile>
    <ClCompile Include="..\..\..\source\core\vssystem\NstVsTkoBoxing.cpp">
      <Filter>Source Files\core\vssystem</Filter>
    </ClCompile>
    <ClCompile Include="..\..\..\source\core\vssystem\NstVsRbiBaseball.cpp">
      <Filter>Source Files\core\vssystem</Filter>
    </ClCompile>
    <ClCompile Include="..\..\..\source\core\vssystem\NstVsSuperXevious.cpp">
      <Filter>Source Files\core\vssystem</Filter>
    </ClCompile>
    <ClCompile Include="..\..\..\source\core\vssystem\NstVsSystem.cpp">
      <Filter>Source Files\core\vssystem</Filter>
    </ClCompile>
    <ClCompile Include="..\..\libretro.cpp">
      <Filter>Source Files\libretro</Filter>
    </ClCompile>
    <ClCompile Include="..\..\..\source\core\NstZlib.cpp">
      <Filter>Source Files\core\api</Filter>
    </ClCompile>
    <ClCompile Include="..\..\..\source\core\NstApu.cpp">
      <Filter>Source Files\core\api</Filter>
    </ClCompile>
    <ClCompile Include="..\..\..\source\core\NstAssert.cpp">
      <Filter>Source Files\core\api</Filter>
    </ClCompile>
    <ClCompile Include="..\..\..\source\core\NstCartridge.cpp">
      <Filter>Source Files\core\api</Filter>
    </ClCompile>
    <ClCompile Include="..\..\..\source\core\NstCartridgeInes.cpp">
      <Filter>Source Files\core\api</Filter>
    </ClCompile>
    <ClCompile Include="..\..\..\source\core\NstCartridgeRomset.cpp">
      <Filter>Source Files\core\api</Filter>
    </ClCompile>
    <ClCompile Include="..\..\..\source\core\NstCartridgeUnif.cpp">
      <Filter>Source Files\core\api</Filter>
    </ClCompile>
    <ClCompile Include="..\..\..\source\core\NstCheats.cpp">
      <Filter>Source Files\core\api</Filter>
    </ClCompile>
    <ClCompile Include="..\..\..\source\core\NstChecksum.cpp">
      <Filter>Source Files\core\api</Filter>
    </ClCompile>
    <ClCompile Include="..\..\..\source\core\NstChips.cpp">
      <Filter>Source Files\core\api</Filter>
    </ClCompile>
    <ClCompile Include="..\..\..\source\core\NstCore.cpp">
      <Filter>Source Files\core\api</Filter>
    </ClCompile>
    <ClCompile Include="..\..\..\source\core\NstCpu.cpp">
      <Filter>Source Files\core\api</Filter>
    </ClCompile>
    <ClCompile Include="..\..\..\source\core\NstCrc32.cpp">
      <Filter>Source Files\core\api</Filter>
    </ClCompile>
    <ClCompile Include="..\..\..\source\core\NstFds.cpp">
      <Filter>Source Files\core\api</Filter>
    </ClCompile>
    <ClCompile Include="..\..\..\source\core\NstFile.cpp">
      <Filter>Source Files\core\api</Filter>
    </ClCompile>
    <ClCompile Include="..\..\..\source\core\NstImage.cpp">
      <Filter>Source Files\core\api</Filter>
    </ClCompile>
    <ClCompile Include="..\..\..\source\core\NstImageDatabase.cpp">
      <Filter>Source Files\core\api</Filter>
    </ClCompile>
    <ClCompile Include="..\..\..\source\core\NstLog.cpp">
      <Filter>Source Files\core\api</Filter>
    </ClCompile>
    <ClCompile Include="..\..\..\source\core\NstMachine.cpp">
      <Filter>Source Files\core\api</Filter>
    </ClCompile>
    <ClCompile Include="..\..\..\source\core\NstMemory.cpp">
      <Filter>Source Files\core\api</Filter>
    </ClCompile>
    <ClCompile Include="..\..\..\source\core\NstNsf.cpp">
      <Filter>Source Files\core\api</Filter>
    </ClCompile>
    <ClCompile Include="..\..\..\source\core\NstPatcher.cpp">
      <Filter>Source Files\core\api</Filter>
    </ClCompile>
    <ClCompile Include="..\..\..\source\core\NstPatcherIps.cpp">
      <Filter>Source Files\core\api</Filter>
    </ClCompile>
    <ClCompile Include="..\..\..\source\core\NstPatcherUps.cpp">
      <Filter>Source Files\core\api</Filter>
    </ClCompile>
    <ClCompile Include="..\..\..\source\core\NstPins.cpp">
      <Filter>Source Files\core\api</Filter>
    </ClCompile>
    <ClCompile Include="..\..\..\source\core\NstPpu.cpp">
      <Filter>Source Files\core\api</Filter>
    </ClCompile>
    <ClCompile Include="..\..\..\source\core\NstProperties.cpp">
      <Filter>Source Files\core\api</Filter>
    </ClCompile>
    <ClCompile Include="..\..\..\source\core\NstRam.cpp">
      <Filter>Source Files\core\api</Filter>
    </ClCompile>
    <ClCompile Include="..\..\..\source\core\NstSha1.cpp">
      <Filter>Source Files\core\api</Filter>
    </ClCompile>
    <ClCompile Include="..\..\..\source\core\NstSoundPcm.cpp">
      <Filter>Source Files\core\api</Filter>
    </ClCompile>
    <ClCompile Include="..\..\..\source\core\NstSoundPlayer.cpp">
      <Filter>Source Files\core\api</Filter>
    </ClCompile>
    <ClCompile Include="..\..\..\source\core\NstSoundRenderer.cpp">
      <Filter>Source Files\core\api</Filter>
    </ClCompile>
    <ClCompile Include="..\..\..\source\core\NstState.cpp">
      <Filter>Source Files\core\api</Filter>
    </ClCompile>
    <ClCompile Include="..\..\..\source\core\NstStream.cpp">
      <Filter>Source Files\core\api</Filter>
    </ClCompile>
    <ClCompile Include="..\..\..\source\core\NstTracker.cpp">
      <Filter>Source Files\core\api</Filter>
    </ClCompile>
    <ClCompile Include="..\..\..\source\core\NstTrackerMovie.cpp">
      <Filter>Source Files\core\api</Filter>
    </ClCompile>
    <ClCompile Include="..\..\..\source\core\NstTrackerRewinder.cpp">
      <Filter>Source Files\core\api</Filter>
    </ClCompile>
    <ClCompile Include="..\..\..\source\core\NstVector.cpp">
      <Filter>Source Files\core\api</Filter>
    </ClCompile>
    <ClCompile Include="..\..\..\source\core\NstVideoFilterNone.cpp">
      <Filter>Source Files\core\api</Filter>
    </ClCompile>
    <ClCompile Include="..\..\..\source\core\NstVideoRenderer.cpp">
      <Filter>Source Files\core\api</Filter>
    </ClCompile>
    <ClCompile Include="..\..\..\source\core\NstVideoScreen.cpp">
      <Filter>Source Files\core\api</Filter>
    </ClCompile>
    <ClCompile Include="..\..\..\source\core\NstXml.cpp">
      <Filter>Source Files\core\api</Filter>
    </ClCompile>
    <ClCompile Include="..\..\..\source\core\NstVideoFilterNtscCfg.cpp">
      <Filter>Source Files\core\api</Filter>
    </ClCompile>
    <ClCompile Include="..\..\..\source\core\NstVideoFilterNtsc.cpp">
      <Filter>Source Files\core\api</Filter>
    </ClCompile>
  </ItemGroup>
</Project>
